
Microsoft Visual Studio Solution File, Format Version 12.00
# Visual Studio 15
VisualStudioVersion = 15.0.28010.2046
MinimumVisualStudioVersion = 10.0.40219.1
Project("{FAE04EC0-301F-11D3-BF4B-00C04F79EFBC}") = "TeoriaEquazioni", "TeoriaEquazioni\TeoriaEquazioni.csproj", "{0521F519-BD84-43A7-9FF5-AD1F85548999}"
EndProject
Project("{FAE04EC0-301F-11D3-BF4B-00C04F79EFBC}") = "TeoriaEquazioni.Test", "TeoriaEquazioni.Test\TeoriaEquazioni.Test.csproj", "{59EBE9CD-9E44-49D0-87FA-57F1245ADD65}"
EndProject
Global
	GlobalSection(SolutionConfigurationPlatforms) = preSolution
		Debug|Any CPU = Debug|Any CPU
		Release|Any CPU = Release|Any CPU
	EndGlobalSection
	GlobalSection(ProjectConfigurationPlatforms) = postSolution
		{0521F519-BD84-43A7-9FF5-AD1F85548999}.Debug|Any CPU.ActiveCfg = Debug|Any CPU
		{0521F519-BD84-43A7-9FF5-AD1F85548999}.Debug|Any CPU.Build.0 = Debug|Any CPU
		{0521F519-BD84-43A7-9FF5-AD1F85548999}.Release|Any CPU.ActiveCfg = Release|Any CPU
		{0521F519-BD84-43A7-9FF5-AD1F85548999}.Release|Any CPU.Build.0 = Release|Any CPU
		{59EBE9CD-9E44-49D0-87FA-57F1245ADD65}.Debug|Any CPU.ActiveCfg = Debug|Any CPU
		{59EBE9CD-9E44-49D0-87FA-57F1245ADD65}.Debug|Any CPU.Build.0 = Debug|Any CPU
		{59EBE9CD-9E44-49D0-87FA-57F1245ADD65}.Release|Any CPU.ActiveCfg = Release|Any CPU
		{59EBE9CD-9E44-49D0-87FA-57F1245ADD65}.Release|Any CPU.Build.0 = Release|Any CPU
	EndGlobalSection
	GlobalSection(SolutionProperties) = preSolution
		HideSolutionNode = FALSE
	EndGlobalSection
	GlobalSection(ExtensibilityGlobals) = postSolution
		SolutionGuid = {F47CA80A-D018-4B6E-A5F1-57DF94EFB188}
	EndGlobalSection
EndGlobal
